
Microsoft Visual Studio Solution File, Format Version 12.00
Project("{FAE04EC0-301F-11D3-BF4B-00C04F79EFBC}") = "HaulageApp", "HaulageApp\HaulageApp.csproj", "{27C30868-B5A8-4A55-AF23-BC5035F726BD}"
EndProject
Global
	GlobalSection(SolutionConfigurationPlatforms) = preSolution
		Debug|Any CPU = Debug|Any CPU
		Release|Any CPU = Release|Any CPU
	EndGlobalSection
	GlobalSection(ProjectConfigurationPlatforms) = postSolution
		{27C30868-B5A8-4A55-AF23-BC5035F726BD}.Debug|Any CPU.ActiveCfg = Debug|Any CPU
		{27C30868-B5A8-4A55-AF23-BC5035F726BD}.Debug|Any CPU.Build.0 = Debug|Any CPU
		{27C30868-B5A8-4A55-AF23-BC5035F726BD}.Release|Any CPU.ActiveCfg = Release|Any CPU
		{27C30868-B5A8-4A55-AF23-BC5035F726BD}.Release|Any CPU.Build.0 = Release|Any CPU
	EndGlobalSection
EndGlobal
